// !$*UTF8*$!
{
	archiveVersion = 1;
	classes = {
	};
	objectVersion = 56;
	objects = {

/* Begin PBXBuildFile section */
		364FDB2A2970F166002E4FC2 /* AppDelegate.swift in Sources */ = {isa = PBXBuildFile; fileRef = 364FDB292970F166002E4FC2 /* AppDelegate.swift */; };
		364FDB312970F166002E4FC2 /* Main.storyboard in Resources */ = {isa = PBXBuildFile; fileRef = 364FDB2F2970F166002E4FC2 /* Main.storyboard */; };
		364FDB332970F168002E4FC2 /* Assets.xcassets in Resources */ = {isa = PBXBuildFile; fileRef = 364FDB322970F168002E4FC2 /* Assets.xcassets */; };
		364FDB362970F168002E4FC2 /* LaunchScreen.storyboard in Resources */ = {isa = PBXBuildFile; fileRef = 364FDB342970F168002E4FC2 /* LaunchScreen.storyboard */; };
		364FDB412970F168002E4FC2 /* AnnaDJTests.swift in Sources */ = {isa = PBXBuildFile; fileRef = 364FDB402970F168002E4FC2 /* AnnaDJTests.swift */; };
		364FDB4B2970F168002E4FC2 /* AnnaDJUITests.swift in Sources */ = {isa = PBXBuildFile; fileRef = 364FDB4A2970F168002E4FC2 /* AnnaDJUITests.swift */; };
		364FDB4D2970F168002E4FC2 /* AnnaDJUITestsLaunchTests.swift in Sources */ = {isa = PBXBuildFile; fileRef = 364FDB4C2970F168002E4FC2 /* AnnaDJUITestsLaunchTests.swift */; };
		364FDB5A2970F179002E4FC2 /* MusicPlayerCenter.swift in Sources */ = {isa = PBXBuildFile; fileRef = 364FDB592970F179002E4FC2 /* MusicPlayerCenter.swift */; };
		364FDB5E2970FBAB002E4FC2 /* GridViewController.swift in Sources */ = {isa = PBXBuildFile; fileRef = 364FDB5B2970FBAA002E4FC2 /* GridViewController.swift */; };
		364FDB5F2970FBAB002E4FC2 /* SelectViewController.swift in Sources */ = {isa = PBXBuildFile; fileRef = 364FDB5C2970FBAB002E4FC2 /* SelectViewController.swift */; };
		364FDB602970FBAB002E4FC2 /* LaunchviewController.swift in Sources */ = {isa = PBXBuildFile; fileRef = 364FDB5D2970FBAB002E4FC2 /* LaunchviewController.swift */; };
		364FDB622970FBB2002E4FC2 /* CodeModel.swift in Sources */ = {isa = PBXBuildFile; fileRef = 364FDB612970FBB2002E4FC2 /* CodeModel.swift */; };
		364FDB662970FBB8002E4FC2 /* UserInfoCenter.swift in Sources */ = {isa = PBXBuildFile; fileRef = 364FDB632970FBB8002E4FC2 /* UserInfoCenter.swift */; };
		364FDB672970FBB8002E4FC2 /* IAPCenter.swift in Sources */ = {isa = PBXBuildFile; fileRef = 364FDB642970FBB8002E4FC2 /* IAPCenter.swift */; };
		364FDB682970FBB8002E4FC2 /* KeyboardHelper.swift in Sources */ = {isa = PBXBuildFile; fileRef = 364FDB652970FBB8002E4FC2 /* KeyboardHelper.swift */; };
		364FDB6B2970FBBF002E4FC2 /* SwiftButton.swift in Sources */ = {isa = PBXBuildFile; fileRef = 364FDB692970FBBF002E4FC2 /* SwiftButton.swift */; };
		364FDB6C2970FBBF002E4FC2 /* StackBottomBarView.swift in Sources */ = {isa = PBXBuildFile; fileRef = 364FDB6A2970FBBF002E4FC2 /* StackBottomBarView.swift */; };
		364FDB6F2970FBC6002E4FC2 /* SettingCell.xib in Resources */ = {isa = PBXBuildFile; fileRef = 364FDB6D2970FBC5002E4FC2 /* SettingCell.xib */; };
		364FDB702970FBC6002E4FC2 /* SettingCell.swift in Sources */ = {isa = PBXBuildFile; fileRef = 364FDB6E2970FBC5002E4FC2 /* SettingCell.swift */; };
		364FDB772970FBCC002E4FC2 /* TableViewAdapter.swift in Sources */ = {isa = PBXBuildFile; fileRef = 364FDB712970FBCB002E4FC2 /* TableViewAdapter.swift */; };
		364FDB782970FBCC002E4FC2 /* BaseViewController.swift in Sources */ = {isa = PBXBuildFile; fileRef = 364FDB722970FBCB002E4FC2 /* BaseViewController.swift */; };
		364FDB792970FBCC002E4FC2 /* CollectionViewAdapter.swift in Sources */ = {isa = PBXBuildFile; fileRef = 364FDB732970FBCC002E4FC2 /* CollectionViewAdapter.swift */; };
		364FDB7A2970FBCC002E4FC2 /* BaseCollectionViewController.swift in Sources */ = {isa = PBXBuildFile; fileRef = 364FDB742970FBCC002E4FC2 /* BaseCollectionViewController.swift */; };
		364FDB7B2970FBCC002E4FC2 /* BaseTableViewController.swift in Sources */ = {isa = PBXBuildFile; fileRef = 364FDB752970FBCC002E4FC2 /* BaseTableViewController.swift */; };
		364FDB7C2970FBCC002E4FC2 /* CellProtocol.swift in Sources */ = {isa = PBXBuildFile; fileRef = 364FDB762970FBCC002E4FC2 /* CellProtocol.swift */; };
		364FDB7E29712A3A002E4FC2 /* AppImageModel.swift in Sources */ = {isa = PBXBuildFile; fileRef = 364FDB7D29712A3A002E4FC2 /* AppImageModel.swift */; };
		364FDB8D29712D37002E4FC2 /* drum.mp3 in Resources */ = {isa = PBXBuildFile; fileRef = 364FDB8429712D37002E4FC2 /* drum.mp3 */; };
		364FDB8E29712D37002E4FC2 /* woodFish.mp3 in Resources */ = {isa = PBXBuildFile; fileRef = 364FDB8529712D37002E4FC2 /* woodFish.mp3 */; };
		364FDB8F29712D37002E4FC2 /* ring.mp3 in Resources */ = {isa = PBXBuildFile; fileRef = 364FDB8629712D37002E4FC2 /* ring.mp3 */; };
		364FDB9029712D37002E4FC2 /* board.mp3 in Resources */ = {isa = PBXBuildFile; fileRef = 364FDB8729712D37002E4FC2 /* board.mp3 */; };
		364FDB9129712D37002E4FC2 /* inSin.mp3 in Resources */ = {isa = PBXBuildFile; fileRef = 364FDB8829712D37002E4FC2 /* inSin.mp3 */; };
		364FDB9229712D37002E4FC2 /* clock.mp3 in Resources */ = {isa = PBXBuildFile; fileRef = 364FDB8929712D37002E4FC2 /* clock.mp3 */; };
		364FDB9329712D37002E4FC2 /* gong.mp3 in Resources */ = {isa = PBXBuildFile; fileRef = 364FDB8A29712D37002E4FC2 /* gong.mp3 */; };
		364FDB9429712D37002E4FC2 /* traingle.mp3 in Resources */ = {isa = PBXBuildFile; fileRef = 364FDB8B29712D37002E4FC2 /* traingle.mp3 */; };
		364FDB9529712D37002E4FC2 /* dotRing.mp3 in Resources */ = {isa = PBXBuildFile; fileRef = 364FDB8C29712D37002E4FC2 /* dotRing.mp3 */; };
		364FDB9929713019002E4FC2 /* ImageCell.xib in Resources */ = {isa = PBXBuildFile; fileRef = 364FDB9729713019002E4FC2 /* ImageCell.xib */; };
		364FDB9A29713019002E4FC2 /* ImageCell.swift in Sources */ = {isa = PBXBuildFile; fileRef = 364FDB9829713019002E4FC2 /* ImageCell.swift */; };
		946257812974319500578137 /* oh.mp3 in Resources */ = {isa = PBXBuildFile; fileRef = 946257702974319400578137 /* oh.mp3 */; };
		946257822974319500578137 /* acid.mp3 in Resources */ = {isa = PBXBuildFile; fileRef = 946257712974319400578137 /* acid.mp3 */; };
		946257832974319500578137 /* airhorn.mp3 in Resources */ = {isa = PBXBuildFile; fileRef = 946257722974319400578137 /* airhorn.mp3 */; };
		946257852974319500578137 /* snares.mp3 in Resources */ = {isa = PBXBuildFile; fileRef = 946257742974319400578137 /* snares.mp3 */; };
		946257862974319500578137 /* rootBPM.mp3 in Resources */ = {isa = PBXBuildFile; fileRef = 946257752974319500578137 /* rootBPM.mp3 */; };
		946257872974319500578137 /* fillin.mp3 in Resources */ = {isa = PBXBuildFile; fileRef = 946257762974319500578137 /* fillin.mp3 */; };
		946257882974319500578137 /* open.mp3 in Resources */ = {isa = PBXBuildFile; fileRef = 946257772974319500578137 /* open.mp3 */; };
		946257892974319500578137 /* gminor.mp3 in Resources */ = {isa = PBXBuildFile; fileRef = 946257782974319500578137 /* gminor.mp3 */; };
		9462578A2974319500578137 /* bass.mp3 in Resources */ = {isa = PBXBuildFile; fileRef = 946257792974319500578137 /* bass.mp3 */; };
		9462578B2974319500578137 /* kicks.mp3 in Resources */ = {isa = PBXBuildFile; fileRef = 9462577A2974319500578137 /* kicks.mp3 */; };
		9462578C2974319500578137 /* how.mp3 in Resources */ = {isa = PBXBuildFile; fileRef = 9462577B2974319500578137 /* how.mp3 */; };
		9462578D2974319500578137 /* synths.mp3 in Resources */ = {isa = PBXBuildFile; fileRef = 9462577C2974319500578137 /* synths.mp3 */; };
		9462578E2974319500578137 /* loops.mp3 in Resources */ = {isa = PBXBuildFile; fileRef = 9462577D2974319500578137 /* loops.mp3 */; };
		9462578F2974319500578137 /* revCR.mp3 in Resources */ = {isa = PBXBuildFile; fileRef = 9462577E2974319500578137 /* revCR.mp3 */; };
		946257902974319500578137 /* crash.mp3 in Resources */ = {isa = PBXBuildFile; fileRef = 9462577F2974319500578137 /* crash.mp3 */; };
		946257912974319500578137 /* tuneUp.mp3 in Resources */ = {isa = PBXBuildFile; fileRef = 946257802974319500578137 /* tuneUp.mp3 */; };
		9462579A297438E000578137 /* StoreKit.framework in Frameworks */ = {isa = PBXBuildFile; fileRef = 94625799297438E000578137 /* StoreKit.framework */; };
		9462579D29743D3600578137 /* BuyCell.swift in Sources */ = {isa = PBXBuildFile; fileRef = 9462579C29743D3600578137 /* BuyCell.swift */; };
		9462579F29743DD900578137 /* BuyCell.xib in Resources */ = {isa = PBXBuildFile; fileRef = 9462579E29743DD900578137 /* BuyCell.xib */; };
/* End PBXBuildFile section */

/* Begin PBXContainerItemProxy section */
		364FDB3D2970F168002E4FC2 /* PBXContainerItemProxy */ = {
			isa = PBXContainerItemProxy;
			containerPortal = 364FDB1E2970F166002E4FC2 /* Project object */;
			proxyType = 1;
			remoteGlobalIDString = 364FDB252970F166002E4FC2;
			remoteInfo = AnnaDJ;
		};
		364FDB472970F168002E4FC2 /* PBXContainerItemProxy */ = {
			isa = PBXContainerItemProxy;
			containerPortal = 364FDB1E2970F166002E4FC2 /* Project object */;
			proxyType = 1;
			remoteGlobalIDString = 364FDB252970F166002E4FC2;
			remoteInfo = AnnaDJ;
		};
/* End PBXContainerItemProxy section */

/* Begin PBXFileReference section */
		364FDB262970F166002E4FC2 /* AnnaDJ.app */ = {isa = PBXFileReference; explicitFileType = wrapper.application; includeInIndex = 0; path = AnnaDJ.app; sourceTree = BUILT_PRODUCTS_DIR; };
		364FDB292970F166002E4FC2 /* AppDelegate.swift */ = {isa = PBXFileReference; lastKnownFileType = sourcecode.swift; path = AppDelegate.swift; sourceTree = "<group>"; };
		364FDB302970F166002E4FC2 /* Base */ = {isa = PBXFileReference; lastKnownFileType = file.storyboard; name = Base; path = Base.lproj/Main.storyboard; sourceTree = "<group>"; };
		364FDB322970F168002E4FC2 /* Assets.xcassets */ = {isa = PBXFileReference; lastKnownFileType = folder.assetcatalog; path = Assets.xcassets; sourceTree = "<group>"; };
		364FDB352970F168002E4FC2 /* Base */ = {isa = PBXFileReference; lastKnownFileType = file.storyboard; name = Base; path = Base.lproj/LaunchScreen.storyboard; sourceTree = "<group>"; };
		364FDB372970F168002E4FC2 /* Info.plist */ = {isa = PBXFileReference; lastKnownFileType = text.plist.xml; path = Info.plist; sourceTree = "<group>"; };
		364FDB3C2970F168002E4FC2 /* AnnaDJTests.xctest */ = {isa = PBXFileReference; explicitFileType = wrapper.cfbundle; includeInIndex = 0; path = AnnaDJTests.xctest; sourceTree = BUILT_PRODUCTS_DIR; };
		364FDB402970F168002E4FC2 /* AnnaDJTests.swift */ = {isa = PBXFileReference; lastKnownFileType = sourcecode.swift; path = AnnaDJTests.swift; sourceTree = "<group>"; };
		364FDB462970F168002E4FC2 /* AnnaDJUITests.xctest */ = {isa = PBXFileReference; explicitFileType = wrapper.cfbundle; includeInIndex = 0; path = AnnaDJUITests.xctest; sourceTree = BUILT_PRODUCTS_DIR; };
		364FDB4A2970F168002E4FC2 /* AnnaDJUITests.swift */ = {isa = PBXFileReference; lastKnownFileType = sourcecode.swift; path = AnnaDJUITests.swift; sourceTree = "<group>"; };
		364FDB4C2970F168002E4FC2 /* AnnaDJUITestsLaunchTests.swift */ = {isa = PBXFileReference; lastKnownFileType = sourcecode.swift; path = AnnaDJUITestsLaunchTests.swift; sourceTree = "<group>"; };
		364FDB592970F179002E4FC2 /* MusicPlayerCenter.swift */ = {isa = PBXFileReference; lastKnownFileType = sourcecode.swift; path = MusicPlayerCenter.swift; sourceTree = "<group>"; };
		364FDB5B2970FBAA002E4FC2 /* GridViewController.swift */ = {isa = PBXFileReference; fileEncoding = 4; lastKnownFileType = sourcecode.swift; path = GridViewController.swift; sourceTree = "<group>"; };
		364FDB5C2970FBAB002E4FC2 /* SelectViewController.swift */ = {isa = PBXFileReference; fileEncoding = 4; lastKnownFileType = sourcecode.swift; path = SelectViewController.swift; sourceTree = "<group>"; };
		364FDB5D2970FBAB002E4FC2 /* LaunchviewController.swift */ = {isa = PBXFileReference; fileEncoding = 4; lastKnownFileType = sourcecode.swift; path = LaunchviewController.swift; sourceTree = "<group>"; };
		364FDB612970FBB2002E4FC2 /* CodeModel.swift */ = {isa = PBXFileReference; fileEncoding = 4; lastKnownFileType = sourcecode.swift; path = CodeModel.swift; sourceTree = "<group>"; };
		364FDB632970FBB8002E4FC2 /* UserInfoCenter.swift */ = {isa = PBXFileReference; fileEncoding = 4; lastKnownFileType = sourcecode.swift; path = UserInfoCenter.swift; sourceTree = "<group>"; };
		364FDB642970FBB8002E4FC2 /* IAPCenter.swift */ = {isa = PBXFileReference; fileEncoding = 4; lastKnownFileType = sourcecode.swift; path = IAPCenter.swift; sourceTree = "<group>"; };
		364FDB652970FBB8002E4FC2 /* KeyboardHelper.swift */ = {isa = PBXFileReference; fileEncoding = 4; lastKnownFileType = sourcecode.swift; path = KeyboardHelper.swift; sourceTree = "<group>"; };
		364FDB692970FBBF002E4FC2 /* SwiftButton.swift */ = {isa = PBXFileReference; fileEncoding = 4; lastKnownFileType = sourcecode.swift; path = SwiftButton.swift; sourceTree = "<group>"; };
		364FDB6A2970FBBF002E4FC2 /* StackBottomBarView.swift */ = {isa = PBXFileReference; fileEncoding = 4; lastKnownFileType = sourcecode.swift; path = StackBottomBarView.swift; sourceTree = "<group>"; };
		364FDB6D2970FBC5002E4FC2 /* SettingCell.xib */ = {isa = PBXFileReference; fileEncoding = 4; lastKnownFileType = file.xib; path = SettingCell.xib; sourceTree = "<group>"; };
		364FDB6E2970FBC5002E4FC2 /* SettingCell.swift */ = {isa = PBXFileReference; fileEncoding = 4; lastKnownFileType = sourcecode.swift; path = SettingCell.swift; sourceTree = "<group>"; };
		364FDB712970FBCB002E4FC2 /* TableViewAdapter.swift */ = {isa = PBXFileReference; fileEncoding = 4; lastKnownFileType = sourcecode.swift; path = TableViewAdapter.swift; sourceTree = "<group>"; };
		364FDB722970FBCB002E4FC2 /* BaseViewController.swift */ = {isa = PBXFileReference; fileEncoding = 4; lastKnownFileType = sourcecode.swift; path = BaseViewController.swift; sourceTree = "<group>"; };
		364FDB732970FBCC002E4FC2 /* CollectionViewAdapter.swift */ = {isa = PBXFileReference; fileEncoding = 4; lastKnownFileType = sourcecode.swift; path = CollectionViewAdapter.swift; sourceTree = "<group>"; };
		364FDB742970FBCC002E4FC2 /* BaseCollectionViewController.swift */ = {isa = PBXFileReference; fileEncoding = 4; lastKnownFileType = sourcecode.swift; path = BaseCollectionViewController.swift; sourceTree = "<group>"; };
		364FDB752970FBCC002E4FC2 /* BaseTableViewController.swift */ = {isa = PBXFileReference; fileEncoding = 4; lastKnownFileType = sourcecode.swift; path = BaseTableViewController.swift; sourceTree = "<group>"; };
		364FDB762970FBCC002E4FC2 /* CellProtocol.swift */ = {isa = PBXFileReference; fileEncoding = 4; lastKnownFileType = sourcecode.swift; path = CellProtocol.swift; sourceTree = "<group>"; };
		364FDB7D29712A3A002E4FC2 /* AppImageModel.swift */ = {isa = PBXFileReference; lastKnownFileType = sourcecode.swift; path = AppImageModel.swift; sourceTree = "<group>"; };
		364FDB8429712D37002E4FC2 /* drum.mp3 */ = {isa = PBXFileReference; lastKnownFileType = audio.mp3; path = drum.mp3; sourceTree = "<group>"; };
		364FDB8529712D37002E4FC2 /* woodFish.mp3 */ = {isa = PBXFileReference; lastKnownFileType = audio.mp3; path = woodFish.mp3; sourceTree = "<group>"; };
		364FDB8629712D37002E4FC2 /* ring.mp3 */ = {isa = PBXFileReference; lastKnownFileType = audio.mp3; path = ring.mp3; sourceTree = "<group>"; };
		364FDB8729712D37002E4FC2 /* board.mp3 */ = {isa = PBXFileReference; lastKnownFileType = audio.mp3; path = board.mp3; sourceTree = "<group>"; };
		364FDB8829712D37002E4FC2 /* inSin.mp3 */ = {isa = PBXFileReference; lastKnownFileType = audio.mp3; path = inSin.mp3; sourceTree = "<group>"; };
		364FDB8929712D37002E4FC2 /* clock.mp3 */ = {isa = PBXFileReference; lastKnownFileType = audio.mp3; path = clock.mp3; sourceTree = "<group>"; };
		364FDB8A29712D37002E4FC2 /* gong.mp3 */ = {isa = PBXFileReference; lastKnownFileType = audio.mp3; path = gong.mp3; sourceTree = "<group>"; };
		364FDB8B29712D37002E4FC2 /* traingle.mp3 */ = {isa = PBXFileReference; lastKnownFileType = audio.mp3; path = traingle.mp3; sourceTree = "<group>"; };
		364FDB8C29712D37002E4FC2 /* dotRing.mp3 */ = {isa = PBXFileReference; lastKnownFileType = audio.mp3; path = dotRing.mp3; sourceTree = "<group>"; };
		364FDB9729713019002E4FC2 /* ImageCell.xib */ = {isa = PBXFileReference; fileEncoding = 4; lastKnownFileType = file.xib; path = ImageCell.xib; sourceTree = "<group>"; };
		364FDB9829713019002E4FC2 /* ImageCell.swift */ = {isa = PBXFileReference; fileEncoding = 4; lastKnownFileType = sourcecode.swift; path = ImageCell.swift; sourceTree = "<group>"; };
		946257702974319400578137 /* oh.mp3 */ = {isa = PBXFileReference; lastKnownFileType = audio.mp3; path = oh.mp3; sourceTree = "<group>"; };
		946257712974319400578137 /* acid.mp3 */ = {isa = PBXFileReference; lastKnownFileType = audio.mp3; path = acid.mp3; sourceTree = "<group>"; };
		946257722974319400578137 /* airhorn.mp3 */ = {isa = PBXFileReference; lastKnownFileType = audio.mp3; path = airhorn.mp3; sourceTree = "<group>"; };
		946257742974319400578137 /* snares.mp3 */ = {isa = PBXFileReference; lastKnownFileType = audio.mp3; path = snares.mp3; sourceTree = "<group>"; };
		946257752974319500578137 /* rootBPM.mp3 */ = {isa = PBXFileReference; lastKnownFileType = audio.mp3; path = rootBPM.mp3; sourceTree = "<group>"; };
		946257762974319500578137 /* fillin.mp3 */ = {isa = PBXFileReference; lastKnownFileType = audio.mp3; path = fillin.mp3; sourceTree = "<group>"; };
		946257772974319500578137 /* open.mp3 */ = {isa = PBXFileReference; lastKnownFileType = audio.mp3; path = open.mp3; sourceTree = "<group>"; };
		946257782974319500578137 /* gminor.mp3 */ = {isa = PBXFileReference; lastKnownFileType = audio.mp3; path = gminor.mp3; sourceTree = "<group>"; };
		946257792974319500578137 /* bass.mp3 */ = {isa = PBXFileReference; lastKnownFileType = audio.mp3; path = bass.mp3; sourceTree = "<group>"; };
		9462577A2974319500578137 /* kicks.mp3 */ = {isa = PBXFileReference; lastKnownFileType = audio.mp3; path = kicks.mp3; sourceTree = "<group>"; };
		9462577B2974319500578137 /* how.mp3 */ = {isa = PBXFileReference; lastKnownFileType = audio.mp3; path = how.mp3; sourceTree = "<group>"; };
		9462577C2974319500578137 /* synths.mp3 */ = {isa = PBXFileReference; lastKnownFileType = audio.mp3; path = synths.mp3; sourceTree = "<group>"; };
		9462577D2974319500578137 /* loops.mp3 */ = {isa = PBXFileReference; lastKnownFileType = audio.mp3; path = loops.mp3; sourceTree = "<group>"; };
		9462577E2974319500578137 /* revCR.mp3 */ = {isa = PBXFileReference; lastKnownFileType = audio.mp3; path = revCR.mp3; sourceTree = "<group>"; };
		9462577F2974319500578137 /* crash.mp3 */ = {isa = PBXFileReference; lastKnownFileType = audio.mp3; path = crash.mp3; sourceTree = "<group>"; };
		946257802974319500578137 /* tuneUp.mp3 */ = {isa = PBXFileReference; lastKnownFileType = audio.mp3; path = tuneUp.mp3; sourceTree = "<group>"; };
		94625799297438E000578137 /* StoreKit.framework */ = {isa = PBXFileReference; lastKnownFileType = wrapper.framework; name = StoreKit.framework; path = System/Library/Frameworks/StoreKit.framework; sourceTree = SDKROOT; };
		9462579C29743D3600578137 /* BuyCell.swift */ = {isa = PBXFileReference; lastKnownFileType = sourcecode.swift; path = BuyCell.swift; sourceTree = "<group>"; };
		9462579E29743DD900578137 /* BuyCell.xib */ = {isa = PBXFileReference; lastKnownFileType = file.xib; path = BuyCell.xib; sourceTree = "<group>"; };
/* End PBXFileReference section */

/* Begin PBXFrameworksBuildPhase section */
		364FDB232970F166002E4FC2 /* Frameworks */ = {
			isa = PBXFrameworksBuildPhase;
			buildActionMask = 2147483647;
			files = (
				9462579A297438E000578137 /* StoreKit.framework in Frameworks */,
			);
			runOnlyForDeploymentPostprocessing = 0;
		};
		364FDB392970F168002E4FC2 /* Frameworks */ = {
			isa = PBXFrameworksBuildPhase;
			buildActionMask = 2147483647;
			files = (
			);
			runOnlyForDeploymentPostprocessing = 0;
		};
		364FDB432970F168002E4FC2 /* Frameworks */ = {
			isa = PBXFrameworksBuildPhase;
			buildActionMask = 2147483647;
			files = (
			);
			runOnlyForDeploymentPostprocessing = 0;
		};
/* End PBXFrameworksBuildPhase section */

/* Begin PBXGroup section */
		364FDB1D2970F166002E4FC2 = {
			isa = PBXGroup;
			children = (
				364FDB282970F166002E4FC2 /* AnnaDJ */,
				364FDB3F2970F168002E4FC2 /* AnnaDJTests */,
				364FDB492970F168002E4FC2 /* AnnaDJUITests */,
				364FDB272970F166002E4FC2 /* Products */,
				94625798297438E000578137 /* Frameworks */,
			);
			sourceTree = "<group>";
		};
		364FDB272970F166002E4FC2 /* Products */ = {
			isa = PBXGroup;
			children = (
				364FDB262970F166002E4FC2 /* AnnaDJ.app */,
				364FDB3C2970F168002E4FC2 /* AnnaDJTests.xctest */,
				364FDB462970F168002E4FC2 /* AnnaDJUITests.xctest */,
			);
			name = Products;
			sourceTree = "<group>";
		};
		364FDB282970F166002E4FC2 /* AnnaDJ */ = {
			isa = PBXGroup;
			children = (
				364FDB292970F166002E4FC2 /* AppDelegate.swift */,
				364FDB5D2970FBAB002E4FC2 /* LaunchviewController.swift */,
				9462579B2974391B00578137 /* pages */,
				364FDB8329712A83002E4FC2 /* CustomView */,
				364FDB8229712A6D002E4FC2 /* Helper */,
				364FDB8029712A49002E4FC2 /* Cell */,
				364FDB7F29712A42002E4FC2 /* Model */,
				364FDB8129712A55002E4FC2 /* Base */,
				364FDB9629712D49002E4FC2 /* Music */,
				364FDB2F2970F166002E4FC2 /* Main.storyboard */,
				364FDB322970F168002E4FC2 /* Assets.xcassets */,
				364FDB342970F168002E4FC2 /* LaunchScreen.storyboard */,
				364FDB372970F168002E4FC2 /* Info.plist */,
			);
			path = AnnaDJ;
			sourceTree = "<group>";
		};
		364FDB3F2970F168002E4FC2 /* AnnaDJTests */ = {
			isa = PBXGroup;
			children = (
				364FDB402970F168002E4FC2 /* AnnaDJTests.swift */,
			);
			path = AnnaDJTests;
			sourceTree = "<group>";
		};
		364FDB492970F168002E4FC2 /* AnnaDJUITests */ = {
			isa = PBXGroup;
			children = (
				364FDB4A2970F168002E4FC2 /* AnnaDJUITests.swift */,
				364FDB4C2970F168002E4FC2 /* AnnaDJUITestsLaunchTests.swift */,
			);
			path = AnnaDJUITests;
			sourceTree = "<group>";
		};
		364FDB7F29712A42002E4FC2 /* Model */ = {
			isa = PBXGroup;
			children = (
				364FDB612970FBB2002E4FC2 /* CodeModel.swift */,
				364FDB7D29712A3A002E4FC2 /* AppImageModel.swift */,
			);
			path = Model;
			sourceTree = "<group>";
		};
		364FDB8029712A49002E4FC2 /* Cell */ = {
			isa = PBXGroup;
			children = (
				9462579C29743D3600578137 /* BuyCell.swift */,
				9462579E29743DD900578137 /* BuyCell.xib */,
				364FDB6E2970FBC5002E4FC2 /* SettingCell.swift */,
				364FDB6D2970FBC5002E4FC2 /* SettingCell.xib */,
				364FDB9829713019002E4FC2 /* ImageCell.swift */,
				364FDB9729713019002E4FC2 /* ImageCell.xib */,
			);
			path = Cell;
			sourceTree = "<group>";
		};
		364FDB8129712A55002E4FC2 /* Base */ = {
			isa = PBXGroup;
			children = (
				364FDB712970FBCB002E4FC2 /* TableViewAdapter.swift */,
				364FDB742970FBCC002E4FC2 /* BaseCollectionViewController.swift */,
				364FDB752970FBCC002E4FC2 /* BaseTableViewController.swift */,
				364FDB722970FBCB002E4FC2 /* BaseViewController.swift */,
				364FDB732970FBCC002E4FC2 /* CollectionViewAdapter.swift */,
				364FDB762970FBCC002E4FC2 /* CellProtocol.swift */,
			);
			path = Base;
			sourceTree = "<group>";
		};
		364FDB8229712A6D002E4FC2 /* Helper */ = {
			isa = PBXGroup;
			children = (
				364FDB642970FBB8002E4FC2 /* IAPCenter.swift */,
				364FDB592970F179002E4FC2 /* MusicPlayerCenter.swift */,
				364FDB652970FBB8002E4FC2 /* KeyboardHelper.swift */,
				364FDB632970FBB8002E4FC2 /* UserInfoCenter.swift */,
			);
			path = Helper;
			sourceTree = "<group>";
		};
		364FDB8329712A83002E4FC2 /* CustomView */ = {
			isa = PBXGroup;
			children = (
				364FDB6A2970FBBF002E4FC2 /* StackBottomBarView.swift */,
				364FDB692970FBBF002E4FC2 /* SwiftButton.swift */,
			);
			path = CustomView;
			sourceTree = "<group>";
		};
		364FDB9629712D49002E4FC2 /* Music */ = {
			isa = PBXGroup;
			children = (
				9462577B2974319500578137 /* how.mp3 */,
				946257702974319400578137 /* oh.mp3 */,
				946257722974319400578137 /* airhorn.mp3 */,
				946257782974319500578137 /* gminor.mp3 */,
				9462577E2974319500578137 /* revCR.mp3 */,
				9462577D2974319500578137 /* loops.mp3 */,
				946257762974319500578137 /* fillin.mp3 */,
				946257802974319500578137 /* tuneUp.mp3 */,
				946257712974319400578137 /* acid.mp3 */,
				946257792974319500578137 /* bass.mp3 */,
				9462577F2974319500578137 /* crash.mp3 */,
				946257772974319500578137 /* open.mp3 */,
				946257752974319500578137 /* rootBPM.mp3 */,
				9462577C2974319500578137 /* synths.mp3 */,
				9462577A2974319500578137 /* kicks.mp3 */,
				946257742974319400578137 /* snares.mp3 */,
				364FDB8729712D37002E4FC2 /* board.mp3 */,
				364FDB8929712D37002E4FC2 /* clock.mp3 */,
				364FDB8C29712D37002E4FC2 /* dotRing.mp3 */,
				364FDB8429712D37002E4FC2 /* drum.mp3 */,
				364FDB8A29712D37002E4FC2 /* gong.mp3 */,
				364FDB8829712D37002E4FC2 /* inSin.mp3 */,
				364FDB8629712D37002E4FC2 /* ring.mp3 */,
				364FDB8B29712D37002E4FC2 /* traingle.mp3 */,
				364FDB8529712D37002E4FC2 /* woodFish.mp3 */,
			);
			path = Music;
			sourceTree = "<group>";
		};
		94625798297438E000578137 /* Frameworks */ = {
			isa = PBXGroup;
			children = (
				94625799297438E000578137 /* StoreKit.framework */,
			);
			name = Frameworks;
			sourceTree = "<group>";
		};
		9462579B2974391B00578137 /* pages */ = {
			isa = PBXGroup;
			children = (
				364FDB5B2970FBAA002E4FC2 /* GridViewController.swift */,
				364FDB5C2970FBAB002E4FC2 /* SelectViewController.swift */,
			);
			path = pages;
			sourceTree = "<group>";
		};
/* End PBXGroup section */

/* Begin PBXNativeTarget section */
		364FDB252970F166002E4FC2 /* AnnaDJ */ = {
			isa = PBXNativeTarget;
			buildConfigurationList = 364FDB502970F168002E4FC2 /* Build configuration list for PBXNativeTarget "AnnaDJ" */;
			buildPhases = (
				364FDB222970F166002E4FC2 /* Sources */,
				364FDB232970F166002E4FC2 /* Frameworks */,
				364FDB242970F166002E4FC2 /* Resources */,
			);
			buildRules = (
			);
			dependencies = (
			);
			name = AnnaDJ;
			productName = AnnaDJ;
			productReference = 364FDB262970F166002E4FC2 /* AnnaDJ.app */;
			productType = "com.apple.product-type.application";
		};
		364FDB3B2970F168002E4FC2 /* AnnaDJTests */ = {
			isa = PBXNativeTarget;
			buildConfigurationList = 364FDB532970F168002E4FC2 /* Build configuration list for PBXNativeTarget "AnnaDJTests" */;
			buildPhases = (
				364FDB382970F168002E4FC2 /* Sources */,
				364FDB392970F168002E4FC2 /* Frameworks */,
				364FDB3A2970F168002E4FC2 /* Resources */,
			);
			buildRules = (
			);
			dependencies = (
				364FDB3E2970F168002E4FC2 /* PBXTargetDependency */,
			);
			name = AnnaDJTests;
			productName = AnnaDJTests;
			productReference = 364FDB3C2970F168002E4FC2 /* AnnaDJTests.xctest */;
			productType = "com.apple.product-type.bundle.unit-test";
		};
		364FDB452970F168002E4FC2 /* AnnaDJUITests */ = {
			isa = PBXNativeTarget;
			buildConfigurationList = 364FDB562970F168002E4FC2 /* Build configuration list for PBXNativeTarget "AnnaDJUITests" */;
			buildPhases = (
				364FDB422970F168002E4FC2 /* Sources */,
				364FDB432970F168002E4FC2 /* Frameworks */,
				364FDB442970F168002E4FC2 /* Resources */,
			);
			buildRules = (
			);
			dependencies = (
				364FDB482970F168002E4FC2 /* PBXTargetDependency */,
			);
			name = AnnaDJUITests;
			productName = AnnaDJUITests;
			productReference = 364FDB462970F168002E4FC2 /* AnnaDJUITests.xctest */;
			productType = "com.apple.product-type.bundle.ui-testing";
		};
/* End PBXNativeTarget section */

/* Begin PBXProject section */
		364FDB1E2970F166002E4FC2 /* Project object */ = {
			isa = PBXProject;
			attributes = {
				BuildIndependentTargetsInParallel = 1;
				LastSwiftUpdateCheck = 1420;
				LastUpgradeCheck = 1420;
				TargetAttributes = {
					364FDB252970F166002E4FC2 = {
						CreatedOnToolsVersion = 14.2;
					};
					364FDB3B2970F168002E4FC2 = {
						CreatedOnToolsVersion = 14.2;
						TestTargetID = 364FDB252970F166002E4FC2;
					};
					364FDB452970F168002E4FC2 = {
						CreatedOnToolsVersion = 14.2;
						TestTargetID = 364FDB252970F166002E4FC2;
					};
				};
			};
			buildConfigurationList = 364FDB212970F166002E4FC2 /* Build configuration list for PBXProject "AnnaDJ" */;
			compatibilityVersion = "Xcode 14.0";
			developmentRegion = en;
			hasScannedForEncodings = 0;
			knownRegions = (
				en,
				Base,
			);
			mainGroup = 364FDB1D2970F166002E4FC2;
			productRefGroup = 364FDB272970F166002E4FC2 /* Products */;
			projectDirPath = "";
			projectRoot = "";
			targets = (
				364FDB252970F166002E4FC2 /* AnnaDJ */,
				364FDB3B2970F168002E4FC2 /* AnnaDJTests */,
				364FDB452970F168002E4FC2 /* AnnaDJUITests */,
			);
		};
/* End PBXProject section */

/* Begin PBXResourcesBuildPhase section */
		364FDB242970F166002E4FC2 /* Resources */ = {
			isa = PBXResourcesBuildPhase;
			buildActionMask = 2147483647;
			files = (
				946257882974319500578137 /* open.mp3 in Resources */,
				9462579F29743DD900578137 /* BuyCell.xib in Resources */,
				946257912974319500578137 /* tuneUp.mp3 in Resources */,
				9462578E2974319500578137 /* loops.mp3 in Resources */,
				364FDB362970F168002E4FC2 /* LaunchScreen.storyboard in Resources */,
				946257822974319500578137 /* acid.mp3 in Resources */,
				9462578F2974319500578137 /* revCR.mp3 in Resources */,
				364FDB9529712D37002E4FC2 /* dotRing.mp3 in Resources */,
				9462578C2974319500578137 /* how.mp3 in Resources */,
				364FDB9229712D37002E4FC2 /* clock.mp3 in Resources */,
				364FDB8D29712D37002E4FC2 /* drum.mp3 in Resources */,
				946257872974319500578137 /* fillin.mp3 in Resources */,
				364FDB8F29712D37002E4FC2 /* ring.mp3 in Resources */,
				946257902974319500578137 /* crash.mp3 in Resources */,
				364FDB9429712D37002E4FC2 /* traingle.mp3 in Resources */,
				364FDB332970F168002E4FC2 /* Assets.xcassets in Resources */,
				946257832974319500578137 /* airhorn.mp3 in Resources */,
				364FDB8E29712D37002E4FC2 /* woodFish.mp3 in Resources */,
				364FDB6F2970FBC6002E4FC2 /* SettingCell.xib in Resources */,
				946257852974319500578137 /* snares.mp3 in Resources */,
				364FDB9929713019002E4FC2 /* ImageCell.xib in Resources */,
				9462578A2974319500578137 /* bass.mp3 in Resources */,
				364FDB312970F166002E4FC2 /* Main.storyboard in Resources */,
				946257892974319500578137 /* gminor.mp3 in Resources */,
				9462578B2974319500578137 /* kicks.mp3 in Resources */,
				9462578D2974319500578137 /* synths.mp3 in Resources */,
				364FDB9029712D37002E4FC2 /* board.mp3 in Resources */,
				946257862974319500578137 /* rootBPM.mp3 in Resources */,
				364FDB9329712D37002E4FC2 /* gong.mp3 in Resources */,
				946257812974319500578137 /* oh.mp3 in Resources */,
				364FDB9129712D37002E4FC2 /* inSin.mp3 in Resources */,
			);
			runOnlyForDeploymentPostprocessing = 0;
		};
		364FDB3A2970F168002E4FC2 /* Resources */ = {
			isa = PBXResourcesBuildPhase;
			buildActionMask = 2147483647;
			files = (
			);
			runOnlyForDeploymentPostprocessing = 0;
		};
		364FDB442970F168002E4FC2 /* Resources */ = {
			isa = PBXResourcesBuildPhase;
			buildActionMask = 2147483647;
			files = (
			);
			runOnlyForDeploymentPostprocessing = 0;
		};
/* End PBXResourcesBuildPhase section */

/* Begin PBXSourcesBuildPhase section */
		364FDB222970F166002E4FC2 /* Sources */ = {
			isa = PBXSourcesBuildPhase;
			buildActionMask = 2147483647;
			files = (
				364FDB602970FBAB002E4FC2 /* LaunchviewController.swift in Sources */,
				364FDB662970FBB8002E4FC2 /* UserInfoCenter.swift in Sources */,
				364FDB792970FBCC002E4FC2 /* CollectionViewAdapter.swift in Sources */,
				364FDB5E2970FBAB002E4FC2 /* GridViewController.swift in Sources */,
				364FDB702970FBC6002E4FC2 /* SettingCell.swift in Sources */,
				364FDB9A29713019002E4FC2 /* ImageCell.swift in Sources */,
				364FDB5A2970F179002E4FC2 /* MusicPlayerCenter.swift in Sources */,
				364FDB6B2970FBBF002E4FC2 /* SwiftButton.swift in Sources */,
				364FDB7E29712A3A002E4FC2 /* AppImageModel.swift in Sources */,
				364FDB7B2970FBCC002E4FC2 /* BaseTableViewController.swift in Sources */,
				364FDB6C2970FBBF002E4FC2 /* StackBottomBarView.swift in Sources */,
				364FDB7A2970FBCC002E4FC2 /* BaseCollectionViewController.swift in Sources */,
				364FDB772970FBCC002E4FC2 /* TableViewAdapter.swift in Sources */,
				364FDB682970FBB8002E4FC2 /* KeyboardHelper.swift in Sources */,
				364FDB2A2970F166002E4FC2 /* AppDelegate.swift in Sources */,
				364FDB5F2970FBAB002E4FC2 /* SelectViewController.swift in Sources */,
				364FDB672970FBB8002E4FC2 /* IAPCenter.swift in Sources */,
				364FDB782970FBCC002E4FC2 /* BaseViewController.swift in Sources */,
				364FDB622970FBB2002E4FC2 /* CodeModel.swift in Sources */,
				364FDB7C2970FBCC002E4FC2 /* CellProtocol.swift in Sources */,
				9462579D29743D3600578137 /* BuyCell.swift in Sources */,
			);
			runOnlyForDeploymentPostprocessing = 0;
		};
		364FDB382970F168002E4FC2 /* Sources */ = {
			isa = PBXSourcesBuildPhase;
			buildActionMask = 2147483647;
			files = (
				364FDB412970F168002E4FC2 /* AnnaDJTests.swift in Sources */,
			);
			runOnlyForDeploymentPostprocessing = 0;
		};
		364FDB422970F168002E4FC2 /* Sources */ = {
			isa = PBXSourcesBuildPhase;
			buildActionMask = 2147483647;
			files = (
				364FDB4D2970F168002E4FC2 /* AnnaDJUITestsLaunchTests.swift in Sources */,
				364FDB4B2970F168002E4FC2 /* AnnaDJUITests.swift in Sources */,
			);
			runOnlyForDeploymentPostprocessing = 0;
		};
/* End PBXSourcesBuildPhase section */

/* Begin PBXTargetDependency section */
		364FDB3E2970F168002E4FC2 /* PBXTargetDependency */ = {
			isa = PBXTargetDependency;
			target = 364FDB252970F166002E4FC2 /* AnnaDJ */;
			targetProxy = 364FDB3D2970F168002E4FC2 /* PBXContainerItemProxy */;
		};
		364FDB482970F168002E4FC2 /* PBXTargetDependency */ = {
			isa = PBXTargetDependency;
			target = 364FDB252970F166002E4FC2 /* AnnaDJ */;
			targetProxy = 364FDB472970F168002E4FC2 /* PBXContainerItemProxy */;
		};
/* End PBXTargetDependency section */

/* Begin PBXVariantGroup section */
		364FDB2F2970F166002E4FC2 /* Main.storyboard */ = {
			isa = PBXVariantGroup;
			children = (
				364FDB302970F166002E4FC2 /* Base */,
			);
			name = Main.storyboard;
			sourceTree = "<group>";
		};
		364FDB342970F168002E4FC2 /* LaunchScreen.storyboard */ = {
			isa = PBXVariantGroup;
			children = (
				364FDB352970F168002E4FC2 /* Base */,
			);
			name = LaunchScreen.storyboard;
			sourceTree = "<group>";
		};
/* End PBXVariantGroup section */

/* Begin XCBuildConfiguration section */
		364FDB4E2970F168002E4FC2 /* Debug */ = {
			isa = XCBuildConfiguration;
			buildSettings = {
				ALWAYS_SEARCH_USER_PATHS = NO;
				CLANG_ANALYZER_NONNULL = YES;
				CLANG_ANALYZER_NUMBER_OBJECT_CONVERSION = YES_AGGRESSIVE;
				CLANG_CXX_LANGUAGE_STANDARD = "gnu++20";
				CLANG_ENABLE_MODULES = YES;
				CLANG_ENABLE_OBJC_ARC = YES;
				CLANG_ENABLE_OBJC_WEAK = YES;
				CLANG_WARN_BLOCK_CAPTURE_AUTORELEASING = YES;
				CLANG_WARN_BOOL_CONVERSION = YES;
				CLANG_WARN_COMMA = YES;
				CLANG_WARN_CONSTANT_CONVERSION = YES;
				CLANG_WARN_DEPRECATED_OBJC_IMPLEMENTATIONS = YES;
				CLANG_WARN_DIRECT_OBJC_ISA_USAGE = YES_ERROR;
				CLANG_WARN_DOCUMENTATION_COMMENTS = YES;
				CLANG_WARN_EMPTY_BODY = YES;
				CLANG_WARN_ENUM_CONVERSION = YES;
				CLANG_WARN_INFINITE_RECURSION = YES;
				CLANG_WARN_INT_CONVERSION = YES;
				CLANG_WARN_NON_LITERAL_NULL_CONVERSION = YES;
				CLANG_WARN_OBJC_IMPLICIT_RETAIN_SELF = YES;
				CLANG_WARN_OBJC_LITERAL_CONVERSION = YES;
				CLANG_WARN_OBJC_ROOT_CLASS = YES_ERROR;
				CLANG_WARN_QUOTED_INCLUDE_IN_FRAMEWORK_HEADER = YES;
				CLANG_WARN_RANGE_LOOP_ANALYSIS = YES;
				CLANG_WARN_STRICT_PROTOTYPES = YES;
				CLANG_WARN_SUSPICIOUS_MOVE = YES;
				CLANG_WARN_UNGUARDED_AVAILABILITY = YES_AGGRESSIVE;
				CLANG_WARN_UNREACHABLE_CODE = YES;
				CLANG_WARN__DUPLICATE_METHOD_MATCH = YES;
				COPY_PHASE_STRIP = NO;
				DEBUG_INFORMATION_FORMAT = dwarf;
				ENABLE_STRICT_OBJC_MSGSEND = YES;
				ENABLE_TESTABILITY = YES;
				GCC_C_LANGUAGE_STANDARD = gnu11;
				GCC_DYNAMIC_NO_PIC = NO;
				GCC_NO_COMMON_BLOCKS = YES;
				GCC_OPTIMIZATION_LEVEL = 0;
				GCC_PREPROCESSOR_DEFINITIONS = (
					"DEBUG=1",
					"$(inherited)",
				);
				GCC_WARN_64_TO_32_BIT_CONVERSION = YES;
				GCC_WARN_ABOUT_RETURN_TYPE = YES_ERROR;
				GCC_WARN_UNDECLARED_SELECTOR = YES;
				GCC_WARN_UNINITIALIZED_AUTOS = YES_AGGRESSIVE;
				GCC_WARN_UNUSED_FUNCTION = YES;
				GCC_WARN_UNUSED_VARIABLE = YES;
				IPHONEOS_DEPLOYMENT_TARGET = 13.0;
				MTL_ENABLE_DEBUG_INFO = INCLUDE_SOURCE;
				MTL_FAST_MATH = YES;
				ONLY_ACTIVE_ARCH = YES;
				SDKROOT = iphoneos;
				SWIFT_ACTIVE_COMPILATION_CONDITIONS = DEBUG;
				SWIFT_OPTIMIZATION_LEVEL = "-Onone";
			};
			name = Debug;
		};
		364FDB4F2970F168002E4FC2 /* Release */ = {
			isa = XCBuildConfiguration;
			buildSettings = {
				ALWAYS_SEARCH_USER_PATHS = NO;
				CLANG_ANALYZER_NONNULL = YES;
				CLANG_ANALYZER_NUMBER_OBJECT_CONVERSION = YES_AGGRESSIVE;
				CLANG_CXX_LANGUAGE_STANDARD = "gnu++20";
				CLANG_ENABLE_MODULES = YES;
				CLANG_ENABLE_OBJC_ARC = YES;
				CLANG_ENABLE_OBJC_WEAK = YES;
				CLANG_WARN_BLOCK_CAPTURE_AUTORELEASING = YES;
				CLANG_WARN_BOOL_CONVERSION = YES;
				CLANG_WARN_COMMA = YES;
				CLANG_WARN_CONSTANT_CONVERSION = YES;
				CLANG_WARN_DEPRECATED_OBJC_IMPLEMENTATIONS = YES;
				CLANG_WARN_DIRECT_OBJC_ISA_USAGE = YES_ERROR;
				CLANG_WARN_DOCUMENTATION_COMMENTS = YES;
				CLANG_WARN_EMPTY_BODY = YES;
				CLANG_WARN_ENUM_CONVERSION = YES;
				CLANG_WARN_INFINITE_RECURSION = YES;
				CLANG_WARN_INT_CONVERSION = YES;
				CLANG_WARN_NON_LITERAL_NULL_CONVERSION = YES;
				CLANG_WARN_OBJC_IMPLICIT_RETAIN_SELF = YES;
				CLANG_WARN_OBJC_LITERAL_CONVERSION = YES;
				CLANG_WARN_OBJC_ROOT_CLASS = YES_ERROR;
				CLANG_WARN_QUOTED_INCLUDE_IN_FRAMEWORK_HEADER = YES;
				CLANG_WARN_RANGE_LOOP_ANALYSIS = YES;
				CLANG_WARN_STRICT_PROTOTYPES = YES;
				CLANG_WARN_SUSPICIOUS_MOVE = YES;
				CLANG_WARN_UNGUARDED_AVAILABILITY = YES_AGGRESSIVE;
				CLANG_WARN_UNREACHABLE_CODE = YES;
				CLANG_WARN__DUPLICATE_METHOD_MATCH = YES;
				COPY_PHASE_STRIP = NO;
				DEBUG_INFORMATION_FORMAT = "dwarf-with-dsym";
				ENABLE_NS_ASSERTIONS = NO;
				ENABLE_STRICT_OBJC_MSGSEND = YES;
				GCC_C_LANGUAGE_STANDARD = gnu11;
				GCC_NO_COMMON_BLOCKS = YES;
				GCC_WARN_64_TO_32_BIT_CONVERSION = YES;
				GCC_WARN_ABOUT_RETURN_TYPE = YES_ERROR;
				GCC_WARN_UNDECLARED_SELECTOR = YES;
				GCC_WARN_UNINITIALIZED_AUTOS = YES_AGGRESSIVE;
				GCC_WARN_UNUSED_FUNCTION = YES;
				GCC_WARN_UNUSED_VARIABLE = YES;
				IPHONEOS_DEPLOYMENT_TARGET = 13.0;
				MTL_ENABLE_DEBUG_INFO = NO;
				MTL_FAST_MATH = YES;
				SDKROOT = iphoneos;
				SWIFT_COMPILATION_MODE = wholemodule;
				SWIFT_OPTIMIZATION_LEVEL = "-O";
				VALIDATE_PRODUCT = YES;
			};
			name = Release;
		};
		364FDB512970F168002E4FC2 /* Debug */ = {
			isa = XCBuildConfiguration;
			buildSettings = {
				ASSETCATALOG_COMPILER_APPICON_NAME = AppIcon;
				ASSETCATALOG_COMPILER_GLOBAL_ACCENT_COLOR_NAME = AccentColor;
				CODE_SIGN_STYLE = Automatic;
				CURRENT_PROJECT_VERSION = 6;
				DEVELOPMENT_TEAM = R5C233MPJ3;
				GENERATE_INFOPLIST_FILE = YES;
				INFOPLIST_FILE = AnnaDJ/Info.plist;
				INFOPLIST_KEY_CFBundleDisplayName = TinaDJ;
				INFOPLIST_KEY_UIApplicationSupportsIndirectInputEvents = YES;
				INFOPLIST_KEY_UILaunchStoryboardName = LaunchScreen;
				INFOPLIST_KEY_UIMainStoryboardFile = Main;
				INFOPLIST_KEY_UISupportedInterfaceOrientations_iPad = "UIInterfaceOrientationPortrait UIInterfaceOrientationPortraitUpsideDown UIInterfaceOrientationLandscapeLeft UIInterfaceOrientationLandscapeRight";
				INFOPLIST_KEY_UISupportedInterfaceOrientations_iPhone = "UIInterfaceOrientationPortrait UIInterfaceOrientationLandscapeLeft UIInterfaceOrientationLandscapeRight";
				IPHONEOS_DEPLOYMENT_TARGET = 13.0;
				LD_RUNPATH_SEARCH_PATHS = (
					"$(inherited)",
					"@executable_path/Frameworks",
				);
				MARKETING_VERSION = 1.0;
				PRODUCT_BUNDLE_IDENTIFIER = tw.com.tina.tinaDJ;
				PRODUCT_NAME = "$(TARGET_NAME)";
				SUPPORTED_PLATFORMS = "iphoneos iphonesimulator";
				SUPPORTS_MACCATALYST = NO;
				SUPPORTS_MAC_DESIGNED_FOR_IPHONE_IPAD = NO;
				SWIFT_EMIT_LOC_STRINGS = YES;
				SWIFT_VERSION = 5.0;
				TARGETED_DEVICE_FAMILY = 1;
			};
			name = Debug;
		};
		364FDB522970F168002E4FC2 /* Release */ = {
			isa = XCBuildConfiguration;
			buildSettings = {
				ASSETCATALOG_COMPILER_APPICON_NAME = AppIcon;
				ASSETCATALOG_COMPILER_GLOBAL_ACCENT_COLOR_NAME = AccentColor;
				CODE_SIGN_STYLE = Automatic;
				CURRENT_PROJECT_VERSION = 6;
				DEVELOPMENT_TEAM = R5C233MPJ3;
				GENERATE_INFOPLIST_FILE = YES;
				INFOPLIST_FILE = AnnaDJ/Info.plist;
				INFOPLIST_KEY_CFBundleDisplayName = TinaDJ;
				INFOPLIST_KEY_UIApplicationSupportsIndirectInputEvents = YES;
				INFOPLIST_KEY_UILaunchStoryboardName = LaunchScreen;
				INFOPLIST_KEY_UIMainStoryboardFile = Main;
				INFOPLIST_KEY_UISupportedInterfaceOrientations_iPad = "UIInterfaceOrientationPortrait UIInterfaceOrientationPortraitUpsideDown UIInterfaceOrientationLandscapeLeft UIInterfaceOrientationLandscapeRight";
				INFOPLIST_KEY_UISupportedInterfaceOrientations_iPhone = "UIInterfaceOrientationPortrait UIInterfaceOrientationLandscapeLeft UIInterfaceOrientationLandscapeRight";
				IPHONEOS_DEPLOYMENT_TARGET = 13.0;
				LD_RUNPATH_SEARCH_PATHS = (
					"$(inherited)",
					"@executable_path/Frameworks",
				);
				MARKETING_VERSION = 1.0;
				PRODUCT_BUNDLE_IDENTIFIER = tw.com.tina.tinaDJ;
				PRODUCT_NAME = "$(TARGET_NAME)";
				SUPPORTED_PLATFORMS = "iphoneos iphonesimulator";
				SUPPORTS_MACCATALYST = NO;
				SUPPORTS_MAC_DESIGNED_FOR_IPHONE_IPAD = NO;
				SWIFT_EMIT_LOC_STRINGS = YES;
				SWIFT_VERSION = 5.0;
				TARGETED_DEVICE_FAMILY = 1;
			};
			name = Release;
		};
		364FDB542970F168002E4FC2 /* Debug */ = {
			isa = XCBuildConfiguration;
			buildSettings = {
				ALWAYS_EMBED_SWIFT_STANDARD_LIBRARIES = YES;
				BUNDLE_LOADER = "$(TEST_HOST)";
				CODE_SIGN_STYLE = Automatic;
				CURRENT_PROJECT_VERSION = 1;
				DEVELOPMENT_TEAM = NZT54R9366;
				GENERATE_INFOPLIST_FILE = YES;
				IPHONEOS_DEPLOYMENT_TARGET = 16.2;
				MARKETING_VERSION = 1.0;
				PRODUCT_BUNDLE_IDENTIFIER = tw.com.annaBegg.DJ.AnnaDJTests;
				PRODUCT_NAME = "$(TARGET_NAME)";
				SWIFT_EMIT_LOC_STRINGS = NO;
				SWIFT_VERSION = 5.0;
				TARGETED_DEVICE_FAMILY = "1,2";
				TEST_HOST = "$(BUILT_PRODUCTS_DIR)/AnnaDJ.app/$(BUNDLE_EXECUTABLE_FOLDER_PATH)/AnnaDJ";
			};
			name = Debug;
		};
		364FDB552970F168002E4FC2 /* Release */ = {
			isa = XCBuildConfiguration;
			buildSettings = {
				ALWAYS_EMBED_SWIFT_STANDARD_LIBRARIES = YES;
				BUNDLE_LOADER = "$(TEST_HOST)";
				CODE_SIGN_STYLE = Automatic;
				CURRENT_PROJECT_VERSION = 1;
				DEVELOPMENT_TEAM = NZT54R9366;
				GENERATE_INFOPLIST_FILE = YES;
				IPHONEOS_DEPLOYMENT_TARGET = 16.2;
				MARKETING_VERSION = 1.0;
				PRODUCT_BUNDLE_IDENTIFIER = tw.com.annaBegg.DJ.AnnaDJTests;
				PRODUCT_NAME = "$(TARGET_NAME)";
				SWIFT_EMIT_LOC_STRINGS = NO;
				SWIFT_VERSION = 5.0;
				TARGETED_DEVICE_FAMILY = "1,2";
				TEST_HOST = "$(BUILT_PRODUCTS_DIR)/AnnaDJ.app/$(BUNDLE_EXECUTABLE_FOLDER_PATH)/AnnaDJ";
			};
			name = Release;
		};
		364FDB572970F168002E4FC2 /* Debug */ = {
			isa = XCBuildConfiguration;
			buildSettings = {
				ALWAYS_EMBED_SWIFT_STANDARD_LIBRARIES = YES;
				CODE_SIGN_STYLE = Automatic;
				CURRENT_PROJECT_VERSION = 1;
				DEVELOPMENT_TEAM = NZT54R9366;
				GENERATE_INFOPLIST_FILE = YES;
				MARKETING_VERSION = 1.0;
				PRODUCT_BUNDLE_IDENTIFIER = tw.com.annaBegg.DJ.AnnaDJUITests;
				PRODUCT_NAME = "$(TARGET_NAME)";
				SWIFT_EMIT_LOC_STRINGS = NO;
				SWIFT_VERSION = 5.0;
				TARGETED_DEVICE_FAMILY = "1,2";
				TEST_TARGET_NAME = AnnaDJ;
			};
			name = Debug;
		};
		364FDB582970F168002E4FC2 /* Release */ = {
			isa = XCBuildConfiguration;
			buildSettings = {
				ALWAYS_EMBED_SWIFT_STANDARD_LIBRARIES = YES;
				CODE_SIGN_STYLE = Automatic;
				CURRENT_PROJECT_VERSION = 1;
				DEVELOPMENT_TEAM = NZT54R9366;
				GENERATE_INFOPLIST_FILE = YES;
				MARKETING_VERSION = 1.0;
				PRODUCT_BUNDLE_IDENTIFIER = tw.com.annaBegg.DJ.AnnaDJUITests;
				PRODUCT_NAME = "$(TARGET_NAME)";
				SWIFT_EMIT_LOC_STRINGS = NO;
				SWIFT_VERSION = 5.0;
				TARGETED_DEVICE_FAMILY = "1,2";
				TEST_TARGET_NAME = AnnaDJ;
			};
			name = Release;
		};
/* End XCBuildConfiguration section */

/* Begin XCConfigurationList section */
		364FDB212970F166002E4FC2 /* Build configuration list for PBXProject "AnnaDJ" */ = {
			isa = XCConfigurationList;
			buildConfigurations = (
				364FDB4E2970F168002E4FC2 /* Debug */,
				364FDB4F2970F168002E4FC2 /* Release */,
			);
			defaultConfigurationIsVisible = 0;
			defaultConfigurationName = Release;
		};
		364FDB502970F168002E4FC2 /* Build configuration list for PBXNativeTarget "AnnaDJ" */ = {
			isa = XCConfigurationList;
			buildConfigurations = (
				364FDB512970F168002E4FC2 /* Debug */,
				364FDB522970F168002E4FC2 /* Release */,
			);
			defaultConfigurationIsVisible = 0;
			defaultConfigurationName = Release;
		};
		364FDB532970F168002E4FC2 /* Build configuration list for PBXNativeTarget "AnnaDJTests" */ = {
			isa = XCConfigurationList;
			buildConfigurations = (
				364FDB542970F168002E4FC2 /* Debug */,
				364FDB552970F168002E4FC2 /* Release */,
			);
			defaultConfigurationIsVisible = 0;
			defaultConfigurationName = Release;
		};
		364FDB562970F168002E4FC2 /* Build configuration list for PBXNativeTarget "AnnaDJUITests" */ = {
			isa = XCConfigurationList;
			buildConfigurations = (
				364FDB572970F168002E4FC2 /* Debug */,
				364FDB582970F168002E4FC2 /* Release */,
			);
			defaultConfigurationIsVisible = 0;
			defaultConfigurationName = Release;
		};
/* End XCConfigurationList section */
	};
	rootObject = 364FDB1E2970F166002E4FC2 /* Project object */;
}
